{
	"name": "@mitei/client-common",
	"version": "0.0.1-alpha.0",
	"lockfileVersion": 1,
	"requires": true,
	"dependencies": {
		"@babel/runtime": {
			"version": "7.7.4",
			"resolved": "https://registry.npmjs.org/@babel/runtime/-/runtime-7.7.4.tgz",
			"integrity": "sha512-r24eVUUr0QqNZa+qrImUk8fn5SPhHq+IfYvIoIMg0do3GdK9sMdiLKP3GYVVaxpPKORgm8KRKaNTEhAjgIpLMw==",
			"dev": true,
			"requires": {
				"regenerator-runtime": "^0.13.2"
			}
		},
		"@emotion/hash": {
			"version": "0.7.3",
			"resolved": "https://registry.npmjs.org/@emotion/hash/-/hash-0.7.3.tgz",
			"integrity": "sha512-14ZVlsB9akwvydAdaEnVnvqu6J2P6ySv39hYyl/aoB6w/V+bXX0tay8cF6paqbgZsN2n5Xh15uF4pE+GvE+itw==",
			"dev": true
		},
		"@material-ui/core": {
			"version": "4.7.0",
			"resolved": "https://registry.npmjs.org/@material-ui/core/-/core-4.7.0.tgz",
			"integrity": "sha512-mwLehUo0Q9ZxjuWo7J1uy1/Grh3nRxlOAaWJ3EtKeJP2HwqlSy8bWrcvRQYlapaYIPXa5jN8zWbTwi8Pk30VQg==",
			"dev": true,
			"requires": {
				"@babel/runtime": "^7.4.4",
				"@material-ui/styles": "^4.6.0",
				"@material-ui/system": "^4.5.2",
				"@material-ui/types": "^4.1.1",
				"@material-ui/utils": "^4.5.2",
				"@types/react-transition-group": "^4.2.0",
				"clsx": "^1.0.2",
				"convert-css-length": "^2.0.1",
				"hoist-non-react-statics": "^3.2.1",
				"normalize-scroll-left": "^0.2.0",
				"popper.js": "^1.14.1",
				"prop-types": "^15.7.2",
				"react-transition-group": "^4.3.0"
			}
		},
		"@material-ui/icons": {
			"version": "4.5.1",
			"resolved": "https://registry.npmjs.org/@material-ui/icons/-/icons-4.5.1.tgz",
			"integrity": "sha512-YZ/BgJbXX4a0gOuKWb30mBaHaoXRqPanlePam83JQPZ/y4kl+3aW0Wv9tlR70hB5EGAkEJGW5m4ktJwMgxQAeA==",
			"dev": true,
			"requires": {
				"@babel/runtime": "^7.4.4"
			}
		},
		"@material-ui/styles": {
			"version": "4.6.0",
			"resolved": "https://registry.npmjs.org/@material-ui/styles/-/styles-4.6.0.tgz",
			"integrity": "sha512-lqqh4UEMdIYcU1Yth4pQyMTah02uAkg3NOT3MirN9FUexdL8pNA6zCHigEgDSfwmvnXyxHhxTkphfy0DRfnt9w==",
			"dev": true,
			"requires": {
				"@babel/runtime": "^7.4.4",
				"@emotion/hash": "^0.7.1",
				"@material-ui/types": "^4.1.1",
				"@material-ui/utils": "^4.5.2",
				"clsx": "^1.0.2",
				"csstype": "^2.5.2",
				"hoist-non-react-statics": "^3.2.1",
				"jss": "^10.0.0",
				"jss-plugin-camel-case": "^10.0.0",
				"jss-plugin-default-unit": "^10.0.0",
				"jss-plugin-global": "^10.0.0",
				"jss-plugin-nested": "^10.0.0",
				"jss-plugin-props-sort": "^10.0.0",
				"jss-plugin-rule-value-function": "^10.0.0",
				"jss-plugin-vendor-prefixer": "^10.0.0",
				"prop-types": "^15.7.2"
			}
		},
		"@material-ui/system": {
			"version": "4.5.2",
			"resolved": "https://registry.npmjs.org/@material-ui/system/-/system-4.5.2.tgz",
			"integrity": "sha512-h9RWvdM9XKlHHqwiuhyvWdobptQkHli+m2jJFs7i1AI/hmGsIc4reDmS7fInhETgt/Txx7uiAIznfRNIIVHmQw==",
			"dev": true,
			"requires": {
				"@babel/runtime": "^7.4.4",
				"@material-ui/utils": "^4.5.2",
				"prop-types": "^15.7.2"
			}
		},
		"@material-ui/types": {
			"version": "4.1.1",
			"resolved": "https://registry.npmjs.org/@material-ui/types/-/types-4.1.1.tgz",
			"integrity": "sha512-AN+GZNXytX9yxGi0JOfxHrRTbhFybjUJ05rnsBVjcB+16e466Z0Xe5IxawuOayVZgTBNDxmPKo5j4V6OnMtaSQ==",
			"dev": true,
			"requires": {
				"@types/react": "*"
			}
		},
		"@material-ui/utils": {
			"version": "4.5.2",
			"resolved": "https://registry.npmjs.org/@material-ui/utils/-/utils-4.5.2.tgz",
			"integrity": "sha512-zhbNfHd1gLa8At6RPDG7uMZubHxbY+LtM6IkSfeWi6Lo4Ax80l62YaN1QmUpO1IvGCkn/j62tQX3yObiQZrJsQ==",
			"dev": true,
			"requires": {
				"@babel/runtime": "^7.4.4",
				"prop-types": "^15.7.2",
				"react-is": "^16.8.6"
			}
		},
		"@types/hls.js": {
			"version": "0.12.5",
			"resolved": "https://registry.npmjs.org/@types/hls.js/-/hls.js-0.12.5.tgz",
			"integrity": "sha512-UWNROsxKxW1yASacUZzvjGZwS1xGp1gN3Yyd6XWMpqr8HLiYepVWZLxsyfPNsgSJrQ1oyz03tV7y4dS5nlSOaw==",
			"dev": true
		},
		"@types/prop-types": {
			"version": "15.7.3",
			"resolved": "https://registry.npmjs.org/@types/prop-types/-/prop-types-15.7.3.tgz",
			"integrity": "sha512-KfRL3PuHmqQLOG+2tGpRO26Ctg+Cq1E01D2DMriKEATHgWLfeNDmq9e29Q9WIky0dQ3NPkd1mzYH8Lm936Z9qw==",
			"dev": true
		},
		"@types/react": {
			"version": "16.9.12",
			"resolved": "https://registry.npmjs.org/@types/react/-/react-16.9.12.tgz",
			"integrity": "sha512-tc2xuDvJ8uhGmRg/WVpn2IltHoGqijmxntSNkl2tgbMH2boX78ptcAWdyXPgxD0FoaYw8CczUdvjD1G8Y0JtSw==",
			"dev": true,
			"requires": {
				"@types/prop-types": "*",
				"csstype": "^2.2.0"
			}
		},
		"@types/react-transition-group": {
			"version": "4.2.3",
			"resolved": "https://registry.npmjs.org/@types/react-transition-group/-/react-transition-group-4.2.3.tgz",
			"integrity": "sha512-Hk8jiuT7iLOHrcjKP/ZVSyCNXK73wJAUz60xm0mVhiRujrdiI++j4duLiL282VGxwAgxetHQFfqA29LgEeSkFA==",
			"dev": true,
			"requires": {
				"@types/react": "*"
			}
		},
		"clsx": {
			"version": "1.0.4",
			"resolved": "https://registry.npmjs.org/clsx/-/clsx-1.0.4.tgz",
			"integrity": "sha512-1mQ557MIZTrL/140j+JVdRM6e31/OA4vTYxXgqIIZlndyfjHpyawKZia1Im05Vp9BWmImkcNrNtFYQMyFcgJDg==",
			"dev": true
		},
		"convert-css-length": {
			"version": "2.0.1",
			"resolved": "https://registry.npmjs.org/convert-css-length/-/convert-css-length-2.0.1.tgz",
			"integrity": "sha512-iGpbcvhLPRKUbBc0Quxx7w/bV14AC3ItuBEGMahA5WTYqB8lq9jH0kTXFheCBASsYnqeMFZhiTruNxr1N59Axg==",
			"dev": true
		},
		"css-vendor": {
			"version": "2.0.7",
			"resolved": "https://registry.npmjs.org/css-vendor/-/css-vendor-2.0.7.tgz",
			"integrity": "sha512-VS9Rjt79+p7M0WkPqcAza4Yq1ZHrsHrwf7hPL/bjQB+c1lwmAI+1FXxYTYt818D/50fFVflw0XKleiBN5RITkg==",
			"dev": true,
			"requires": {
				"@babel/runtime": "^7.6.2",
				"is-in-browser": "^1.0.2"
			}
		},
		"csstype": {
			"version": "2.6.7",
			"resolved": "https://registry.npmjs.org/csstype/-/csstype-2.6.7.tgz",
			"integrity": "sha512-9Mcn9sFbGBAdmimWb2gLVDtFJzeKtDGIr76TUqmjZrw9LFXBMSU70lcs+C0/7fyCd6iBDqmksUcCOUIkisPHsQ==",
			"dev": true
		},
		"dom-helpers": {
			"version": "5.1.3",
			"resolved": "https://registry.npmjs.org/dom-helpers/-/dom-helpers-5.1.3.tgz",
			"integrity": "sha512-nZD1OtwfWGRBWlpANxacBEZrEuLa16o1nh7YopFWeoF68Zt8GGEmzHu6Xv4F3XaFIC+YXtTLrzgqKxFgLEe4jw==",
			"dev": true,
			"requires": {
				"@babel/runtime": "^7.6.3",
				"csstype": "^2.6.7"
			}
		},
		"eventemitter3": {
			"version": "3.1.0",
			"resolved": "https://registry.npmjs.org/eventemitter3/-/eventemitter3-3.1.0.tgz",
			"integrity": "sha512-ivIvhpq/Y0uSjcHDcOIccjmYjGLcP09MFGE7ysAwkAvkXfpZlC985pH2/ui64DKazbTW/4kN3yqozUxlXzI6cA==",
			"dev": true
		},
		"hls.js": {
			"version": "0.12.4",
			"resolved": "https://registry.npmjs.org/hls.js/-/hls.js-0.12.4.tgz",
			"integrity": "sha512-e8OPxQ60dBVsdkv4atdxR21KzC1mgwspM41qpozpj3Uv1Fz4CaeQy3FWoaV2O+QKKbNRvV5hW+/LipCWdrwnMQ==",
			"dev": true,
			"requires": {
				"eventemitter3": "3.1.0",
				"url-toolkit": "^2.1.6"
			}
		},
		"hoist-non-react-statics": {
			"version": "3.3.1",
			"resolved": "https://registry.npmjs.org/hoist-non-react-statics/-/hoist-non-react-statics-3.3.1.tgz",
			"integrity": "sha512-wbg3bpgA/ZqWrZuMOeJi8+SKMhr7X9TesL/rXMjTzh0p0JUBo3II8DHboYbuIXWRlttrUFxwcu/5kygrCw8fJw==",
			"dev": true,
			"requires": {
				"react-is": "^16.7.0"
			}
		},
		"hyphenate-style-name": {
			"version": "1.0.3",
			"resolved": "https://registry.npmjs.org/hyphenate-style-name/-/hyphenate-style-name-1.0.3.tgz",
			"integrity": "sha512-EcuixamT82oplpoJ2XU4pDtKGWQ7b00CD9f1ug9IaQ3p1bkHMiKCZ9ut9QDI6qsa6cpUuB+A/I+zLtdNK4n2DQ==",
			"dev": true
		},
		"is-in-browser": {
			"version": "1.1.3",
			"resolved": "https://registry.npmjs.org/is-in-browser/-/is-in-browser-1.1.3.tgz",
			"integrity": "sha1-Vv9NtoOgeMYILrldrX3GLh0E+DU=",
			"dev": true
		},
		"js-tokens": {
			"version": "4.0.0",
			"resolved": "https://registry.npmjs.org/js-tokens/-/js-tokens-4.0.0.tgz",
			"integrity": "sha512-RdJUflcE3cUzKiMqQgsCu06FPu9UdIJO0beYbPhHN4k6apgJtifcoCtT9bcxOpYBtpD2kCM6Sbzg4CausW/PKQ==",
			"dev": true
		},
		"jss": {
			"version": "10.0.0",
			"resolved": "https://registry.npmjs.org/jss/-/jss-10.0.0.tgz",
			"integrity": "sha512-TPpDFsiBjuERiL+dFDq8QCdiF9oDasPcNqCKLGCo/qED3fNYOQ8PX2lZhknyTiAt3tZrfOFbb0lbQ9lTjPZxsQ==",
			"dev": true,
			"requires": {
				"@babel/runtime": "^7.3.1",
				"csstype": "^2.6.5",
				"is-in-browser": "^1.1.3",
				"tiny-warning": "^1.0.2"
			}
		},
		"jss-plugin-camel-case": {
			"version": "10.0.0",
			"resolved": "https://registry.npmjs.org/jss-plugin-camel-case/-/jss-plugin-camel-case-10.0.0.tgz",
			"integrity": "sha512-yALDL00+pPR4FJh+k07A8FeDvfoPPuXU48HLy63enAubcVd3DnS+2rgqPXglHDGixIDVkCSXecl/l5GAMjzIbA==",
			"dev": true,
			"requires": {
				"@babel/runtime": "^7.3.1",
				"hyphenate-style-name": "^1.0.3",
				"jss": "10.0.0"
			}
		},
		"jss-plugin-default-unit": {
			"version": "10.0.0",
			"resolved": "https://registry.npmjs.org/jss-plugin-default-unit/-/jss-plugin-default-unit-10.0.0.tgz",
			"integrity": "sha512-sURozIOdCtGg9ap18erQ+ijndAfEGtTaetxfU3H4qwC18Bi+fdvjlY/ahKbuu0ASs7R/+WKCP7UaRZOjUDMcdQ==",
			"dev": true,
			"requires": {
				"@babel/runtime": "^7.3.1",
				"jss": "10.0.0"
			}
		},
		"jss-plugin-global": {
			"version": "10.0.0",
			"resolved": "https://registry.npmjs.org/jss-plugin-global/-/jss-plugin-global-10.0.0.tgz",
			"integrity": "sha512-80ofWKSQUo62bxLtRoTNe0kFPtHgUbAJeOeR36WEGgWIBEsXLyXOnD5KNnjPqG4heuEkz9eSLccjYST50JnI7Q==",
			"dev": true,
			"requires": {
				"@babel/runtime": "^7.3.1",
				"jss": "10.0.0"
			}
		},
		"jss-plugin-nested": {
			"version": "10.0.0",
			"resolved": "https://registry.npmjs.org/jss-plugin-nested/-/jss-plugin-nested-10.0.0.tgz",
			"integrity": "sha512-waxxwl/po1hN3azTyixKnr8ReEqUv5WK7WsO+5AWB0bFndML5Yqnt8ARZ90HEg8/P6WlqE/AB2413TkCRZE8bA==",
			"dev": true,
			"requires": {
				"@babel/runtime": "^7.3.1",
				"jss": "10.0.0",
				"tiny-warning": "^1.0.2"
			}
		},
		"jss-plugin-props-sort": {
			"version": "10.0.0",
			"resolved": "https://registry.npmjs.org/jss-plugin-props-sort/-/jss-plugin-props-sort-10.0.0.tgz",
			"integrity": "sha512-41mf22CImjwNdtOG3r+cdC8+RhwNm616sjHx5YlqTwtSJLyLFinbQC/a4PIFk8xqf1qpFH1kEAIw+yx9HaqZ3g==",
			"dev": true,
			"requires": {
				"@babel/runtime": "^7.3.1",
				"jss": "10.0.0"
			}
		},
		"jss-plugin-rule-value-function": {
			"version": "10.0.0",
			"resolved": "https://registry.npmjs.org/jss-plugin-rule-value-function/-/jss-plugin-rule-value-function-10.0.0.tgz",
			"integrity": "sha512-Jw+BZ8JIw1f12V0SERqGlBT1JEPWax3vuZpMym54NAXpPb7R1LYHiCTIlaJUyqvIfEy3kiHMtgI+r2whGgRIxQ==",
			"dev": true,
			"requires": {
				"@babel/runtime": "^7.3.1",
				"jss": "10.0.0"
			}
		},
		"jss-plugin-vendor-prefixer": {
			"version": "10.0.0",
			"resolved": "https://registry.npmjs.org/jss-plugin-vendor-prefixer/-/jss-plugin-vendor-prefixer-10.0.0.tgz",
			"integrity": "sha512-qslqvL0MUbWuzXJWdUxpj6mdNUX8jr4FFTo3aZnAT65nmzWL7g8oTr9ZxmTXXgdp7ANhS1QWE7036/Q2isFBpw==",
			"dev": true,
			"requires": {
				"@babel/runtime": "^7.3.1",
				"css-vendor": "^2.0.6",
				"jss": "10.0.0"
			}
		},
		"loose-envify": {
			"version": "1.4.0",
			"resolved": "https://registry.npmjs.org/loose-envify/-/loose-envify-1.4.0.tgz",
			"integrity": "sha512-lyuxPGr/Wfhrlem2CL/UcnUc1zcqKAImBDzukY7Y5F/yQiNdko6+fRLevlw1HgMySw7f611UIY408EtxRSoK3Q==",
			"dev": true,
			"requires": {
				"js-tokens": "^3.0.0 || ^4.0.0"
			}
		},
		"normalize-scroll-left": {
			"version": "0.2.0",
			"resolved": "https://registry.npmjs.org/normalize-scroll-left/-/normalize-scroll-left-0.2.0.tgz",
			"integrity": "sha512-t5oCENZJl8TGusJKoCJm7+asaSsPuNmK6+iEjrZ5TyBj2f02brCRsd4c83hwtu+e5d4LCSBZ0uoDlMjBo+A8yA==",
			"dev": true
		},
		"object-assign": {
			"version": "4.1.1",
			"resolved": "https://registry.npmjs.org/object-assign/-/object-assign-4.1.1.tgz",
			"integrity": "sha1-IQmtx5ZYh8/AXLvUQsrIv7s2CGM=",
			"dev": true
		},
		"popper.js": {
			"version": "1.16.0",
			"resolved": "https://registry.npmjs.org/popper.js/-/popper.js-1.16.0.tgz",
			"integrity": "sha512-+G+EkOPoE5S/zChTpmBSSDYmhXJ5PsW8eMhH8cP/CQHMFPBG/kC9Y5IIw6qNYgdJ+/COf0ddY2li28iHaZRSjw==",
			"dev": true
		},
		"prop-types": {
			"version": "15.7.2",
			"resolved": "https://registry.npmjs.org/prop-types/-/prop-types-15.7.2.tgz",
			"integrity": "sha512-8QQikdH7//R2vurIJSutZ1smHYTcLpRWEOlHnzcWHmBYrOGUysKwSsrC89BCiFj3CbrfJ/nXFdJepOVrY1GCHQ==",
			"dev": true,
			"requires": {
				"loose-envify": "^1.4.0",
				"object-assign": "^4.1.1",
				"react-is": "^16.8.1"
			}
		},
		"react": {
			"version": "16.12.0",
			"resolved": "https://registry.npmjs.org/react/-/react-16.12.0.tgz",
			"integrity": "sha512-fglqy3k5E+81pA8s+7K0/T3DBCF0ZDOher1elBFzF7O6arXJgzyu/FW+COxFvAWXJoJN9KIZbT2LXlukwphYTA==",
			"dev": true,
			"requires": {
				"loose-envify": "^1.1.0",
				"object-assign": "^4.1.1",
				"prop-types": "^15.6.2"
			}
		},
		"react-dom": {
			"version": "16.12.0",
			"resolved": "https://registry.npmjs.org/react-dom/-/react-dom-16.12.0.tgz",
			"integrity": "sha512-LMxFfAGrcS3kETtQaCkTKjMiifahaMySFDn71fZUNpPHZQEzmk/GiAeIT8JSOrHB23fnuCOMruL2a8NYlw+8Gw==",
			"dev": true,
			"requires": {
				"loose-envify": "^1.1.0",
				"object-assign": "^4.1.1",
				"prop-types": "^15.6.2",
				"scheduler": "^0.18.0"
			}
		},
		"react-is": {
			"version": "16.12.0",
			"resolved": "https://registry.npmjs.org/react-is/-/react-is-16.12.0.tgz",
			"integrity": "sha512-rPCkf/mWBtKc97aLL9/txD8DZdemK0vkA3JMLShjlJB3Pj3s+lpf1KaBzMfQrAmhMQB0n1cU/SUGgKKBCe837Q==",
			"dev": true
		},
		"react-transition-group": {
			"version": "4.3.0",
			"resolved": "https://registry.npmjs.org/react-transition-group/-/react-transition-group-4.3.0.tgz",
			"integrity": "sha512-1qRV1ZuVSdxPlPf4O8t7inxUGpdyO5zG9IoNfJxSO0ImU2A1YWkEQvFPuIPZmMLkg5hYs7vv5mMOyfgSkvAwvw==",
			"dev": true,
			"requires": {
				"@babel/runtime": "^7.5.5",
				"dom-helpers": "^5.0.1",
				"loose-envify": "^1.4.0",
				"prop-types": "^15.6.2"
			}
		},
		"regenerator-runtime": {
			"version": "0.13.3",
			"resolved": "https://registry.npmjs.org/regenerator-runtime/-/regenerator-runtime-0.13.3.tgz",
			"integrity": "sha512-naKIZz2GQ8JWh///G7L3X6LaQUAMp2lvb1rvwwsURe/VXwD6VMfr+/1NuNw3ag8v2kY1aQ/go5SNn79O9JU7yw==",
			"dev": true
		},
		"scheduler": {
			"version": "0.18.0",
			"resolved": "https://registry.npmjs.org/scheduler/-/scheduler-0.18.0.tgz",
			"integrity": "sha512-agTSHR1Nbfi6ulI0kYNK0203joW2Y5W4po4l+v03tOoiJKpTBbxpNhWDvqc/4IcOw+KLmSiQLTasZ4cab2/UWQ==",
			"dev": true,
			"requires": {
				"loose-envify": "^1.1.0",
				"object-assign": "^4.1.1"
			}
		},
		"tiny-warning": {
			"version": "1.0.3",
			"resolved": "https://registry.npmjs.org/tiny-warning/-/tiny-warning-1.0.3.tgz",
			"integrity": "sha512-lBN9zLN/oAf68o3zNXYrdCt1kP8WsiGW8Oo2ka41b2IM5JL/S1CTyX1rW0mb/zSuJun0ZUrDxx4sqvYS2FWzPA==",
			"dev": true
		},
		"typescript": {
			"version": "3.7.2",
			"resolved": "https://registry.npmjs.org/typescript/-/typescript-3.7.2.tgz",
			"integrity": "sha512-ml7V7JfiN2Xwvcer+XAf2csGO1bPBdRbFCkYBczNZggrBZ9c7G3riSUeJmqEU5uOtXNPMhE3n+R4FA/3YOAWOQ==",
			"dev": true
		},
		"url-toolkit": {
			"version": "2.1.6",
			"resolved": "https://registry.npmjs.org/url-toolkit/-/url-toolkit-2.1.6.tgz",
			"integrity": "sha512-UaZ2+50am4HwrV2crR/JAf63Q4VvPYphe63WGeoJxeu8gmOm0qxPt+KsukfakPNrX9aymGNEkkaoICwn+OuvBw==",
			"dev": true
		}
	}
}
